
Microsoft Visual Studio Solution File, Format Version 12.00
# Visual Studio 15
VisualStudioVersion = 15.0.28307.1705
MinimumVisualStudioVersion = 10.0.40219.1
Project("{FAE04EC0-301F-11D3-BF4B-00C04F79EFBC}") = "ToursApp", "WpfApp1\ToursApp.csproj", "{7871AD3A-ED70-4F8C-A36C-A94230513815}"
EndProject
Global
	GlobalSection(SolutionConfigurationPlatforms) = preSolution
		Debug|Any CPU = Debug|Any CPU
		Release|Any CPU = Release|Any CPU
	EndGlobalSection
	GlobalSection(ProjectConfigurationPlatforms) = postSolution
		{7871AD3A-ED70-4F8C-A36C-A94230513815}.Debug|Any CPU.ActiveCfg = Debug|Any CPU
		{7871AD3A-ED70-4F8C-A36C-A94230513815}.Debug|Any CPU.Build.0 = Debug|Any CPU
		{7871AD3A-ED70-4F8C-A36C-A94230513815}.Release|Any CPU.ActiveCfg = Release|Any CPU
		{7871AD3A-ED70-4F8C-A36C-A94230513815}.Release|Any CPU.Build.0 = Release|Any CPU
	EndGlobalSection
	GlobalSection(SolutionProperties) = preSolution
		HideSolutionNode = FALSE
	EndGlobalSection
	GlobalSection(ExtensibilityGlobals) = postSolution
		SolutionGuid = {9569C828-8CF4-4A07-BC9F-EC4984398516}
	EndGlobalSection
EndGlobal
